
Microsoft Visual Studio Solution File, Format Version 12.00
# Visual Studio 14
VisualStudioVersion = 14.0.23107.0
MinimumVisualStudioVersion = 10.0.40219.1
Project("{FAE04EC0-301F-11D3-BF4B-00C04F79EFBC}") = "Converter.Web", "Converter.Web\Converter.Web.csproj", "{8B79B271-F6FD-461C-9859-F60D61CF264C}"
EndProject
Project("{FAE04EC0-301F-11D3-BF4B-00C04F79EFBC}") = "Converter.Api", "Converter.Api\Converter.Api.csproj", "{00CE220E-4B83-44D6-9FF0-7A39EA2FFA56}"
EndProject
Global
	GlobalSection(SolutionConfigurationPlatforms) = preSolution
		Debug|Any CPU = Debug|Any CPU
		Release|Any CPU = Release|Any CPU
	EndGlobalSection
	GlobalSection(ProjectConfigurationPlatforms) = postSolution
		{8B79B271-F6FD-461C-9859-F60D61CF264C}.Debug|Any CPU.ActiveCfg = Debug|Any CPU
		{8B79B271-F6FD-461C-9859-F60D61CF264C}.Debug|Any CPU.Build.0 = Debug|Any CPU
		{8B79B271-F6FD-461C-9859-F60D61CF264C}.Release|Any CPU.ActiveCfg = Release|Any CPU
		{8B79B271-F6FD-461C-9859-F60D61CF264C}.Release|Any CPU.Build.0 = Release|Any CPU
		{00CE220E-4B83-44D6-9FF0-7A39EA2FFA56}.Debug|Any CPU.ActiveCfg = Debug|Any CPU
		{00CE220E-4B83-44D6-9FF0-7A39EA2FFA56}.Debug|Any CPU.Build.0 = Debug|Any CPU
		{00CE220E-4B83-44D6-9FF0-7A39EA2FFA56}.Release|Any CPU.ActiveCfg = Release|Any CPU
		{00CE220E-4B83-44D6-9FF0-7A39EA2FFA56}.Release|Any CPU.Build.0 = Release|Any CPU
	EndGlobalSection
	GlobalSection(SolutionProperties) = preSolution
		HideSolutionNode = FALSE
	EndGlobalSection
EndGlobal
